{
  "nodes": {
    "flake-utils": {
      "locked": {
        "lastModified": 1667395993,
        "narHash": "sha256-nuEHfE/LcWyuSWnS8t12N1wc105Qtau+/OdUAjtQ0rA=",
        "owner": "numtide",
        "repo": "flake-utils",
        "rev": "5aed5285a952e0b949eb3ba02c12fa4fcfef535f",
        "type": "github"
      },
      "original": {
        "owner": "numtide",
        "repo": "flake-utils",
        "type": "github"
      }
    },
    "flake-utils_2": {
      "locked": {
        "lastModified": 1653893745,
        "narHash": "sha256-0jntwV3Z8//YwuOjzhV2sgJJPt+HY6KhU7VZUL0fKZQ=",
        "owner": "numtide",
        "repo": "flake-utils",
        "rev": "1ed9fb1935d260de5fe1c2f7ee0ebaae17ed2fa1",
        "type": "github"
      },
      "original": {
        "owner": "numtide",
        "repo": "flake-utils",
        "type": "github"
      }
    },
    "mybatsched-src": {
      "locked": {
        "lastModified": 1673878181,
        "narHash": "sha256-k9GUsD5/Gz6MzW5x3uSiZ3jW8TDC2NKdkUjiJfvSNps=",
        "ref": "refs/heads/master",
        "rev": "203c79745b0718d28fe08a6e2ba863ee9dff0922",
        "revCount": 248,
        "type": "git",
        "url": "ssh://git@framagit.org/batsim/batsched"
      },
      "original": {
        "type": "git",
        "url": "ssh://git@framagit.org/batsim/batsched"
      }
    },
    "mybatsim-src": {
      "locked": {
        "lastModified": 1673877617,
        "narHash": "sha256-CtLgteix27FoXEHAB3MKz2SQTsM1y66rHZWuwWyYMyg=",
        "ref": "refs/heads/master",
        "rev": "766223dcff51b3d912e83e12f598d197eec92b35",
        "revCount": 2279,
        "type": "git",
        "url": "ssh://git@framagit.org/batsim/batsim"
      },
      "original": {
        "type": "git",
        "url": "ssh://git@framagit.org/batsim/batsim"
      }
    },
    "nixpkgs": {
      "locked": {
        "lastModified": 1669833724,
        "narHash": "sha256-/HEZNyGbnQecrgJnfE8d0WC5c1xuPSD2LUpB6YXlg4c=",
        "owner": "nixos",
        "repo": "nixpkgs",
        "rev": "4d2b37a84fad1091b9de401eb450aae66f1a741e",
        "type": "github"
      },
      "original": {
        "owner": "nixos",
        "ref": "22.11",
        "repo": "nixpkgs",
        "type": "github"
      }
    },
    "nixpkgs2111": {
      "locked": {
        "lastModified": 1654807735,
        "narHash": "sha256-IiOjbptu1s07HTuyv2ONLrw/DcIUg3nX9MO1uEiUmP0=",
        "owner": "NixOS",
        "repo": "nixpkgs",
        "rev": "a7f0b0832f9da86d25089ea2b4cacdea64072d7f",
        "type": "github"
      },
      "original": {
        "owner": "NixOS",
        "ref": "nixos-21.11",
        "repo": "nixpkgs",
        "type": "github"
      }
    },
    "nur-kapack": {
      "inputs": {
        "flake-utils": "flake-utils_2",
        "nixpkgs": [
          "nixpkgs"
        ],
        "nixpkgs2111": "nixpkgs2111"
      },
      "locked": {
        "lastModified": 1670848723,
        "narHash": "sha256-fdiF9YDQpYT8SaSeEhLhjN3Rgzg9exyIj2SRl7RCJ7I=",
        "owner": "oar-team",
        "repo": "nur-kapack",
        "rev": "c979f6673b4e1fc4a816252490a748a8a075adf3",
        "type": "github"
      },
      "original": {
        "owner": "oar-team",
        "ref": "master",
        "repo": "nur-kapack",
        "type": "github"
      }
    },
    "root": {
      "inputs": {
        "flake-utils": "flake-utils",
        "mybatsched-src": "mybatsched-src",
        "mybatsim-src": "mybatsim-src",
        "nixpkgs": "nixpkgs",
        "nur-kapack": "nur-kapack"
      }
    }
  },
  "root": "root",
  "version": 7
}
